
Microsoft Visual Studio Solution File, Format Version 12.00
# Visual Studio 15
VisualStudioVersion = 15.0.26124.0
MinimumVisualStudioVersion = 15.0.26124.0
Project("{2150E333-8FDC-42A3-9474-1A3956D46DE8}") = "src", "src", "{3255D6F3-4005-456E-88E2-B249F415D9E5}"
EndProject
Project("{FAE04EC0-301F-11D3-BF4B-00C04F79EFBC}") = "Pokespeare.Api", "src\Pokespeare.Api\Pokespeare.Api.csproj", "{049C082A-90B1-49F2-BD9C-BE9AF68B65D1}"
EndProject
Project("{2150E333-8FDC-42A3-9474-1A3956D46DE8}") = "tests", "tests", "{3913546B-D5D7-42BB-B68A-EC3FC8C80B2A}"
EndProject
Project("{FAE04EC0-301F-11D3-BF4B-00C04F79EFBC}") = "Pokespeare.Api.Tests", "tests\Pokespeare.Api.Tests\Pokespeare.Api.Tests.csproj", "{3427D1C8-9D67-4A2B-945B-5F58808B155E}"
EndProject
Global
	GlobalSection(SolutionConfigurationPlatforms) = preSolution
		Debug|Any CPU = Debug|Any CPU
		Debug|x64 = Debug|x64
		Debug|x86 = Debug|x86
		Release|Any CPU = Release|Any CPU
		Release|x64 = Release|x64
		Release|x86 = Release|x86
	EndGlobalSection
	GlobalSection(SolutionProperties) = preSolution
		HideSolutionNode = FALSE
	EndGlobalSection
	GlobalSection(ProjectConfigurationPlatforms) = postSolution
		{049C082A-90B1-49F2-BD9C-BE9AF68B65D1}.Debug|Any CPU.ActiveCfg = Debug|Any CPU
		{049C082A-90B1-49F2-BD9C-BE9AF68B65D1}.Debug|Any CPU.Build.0 = Debug|Any CPU
		{049C082A-90B1-49F2-BD9C-BE9AF68B65D1}.Debug|x64.ActiveCfg = Debug|Any CPU
		{049C082A-90B1-49F2-BD9C-BE9AF68B65D1}.Debug|x64.Build.0 = Debug|Any CPU
		{049C082A-90B1-49F2-BD9C-BE9AF68B65D1}.Debug|x86.ActiveCfg = Debug|Any CPU
		{049C082A-90B1-49F2-BD9C-BE9AF68B65D1}.Debug|x86.Build.0 = Debug|Any CPU
		{049C082A-90B1-49F2-BD9C-BE9AF68B65D1}.Release|Any CPU.ActiveCfg = Release|Any CPU
		{049C082A-90B1-49F2-BD9C-BE9AF68B65D1}.Release|Any CPU.Build.0 = Release|Any CPU
		{049C082A-90B1-49F2-BD9C-BE9AF68B65D1}.Release|x64.ActiveCfg = Release|Any CPU
		{049C082A-90B1-49F2-BD9C-BE9AF68B65D1}.Release|x64.Build.0 = Release|Any CPU
		{049C082A-90B1-49F2-BD9C-BE9AF68B65D1}.Release|x86.ActiveCfg = Release|Any CPU
		{049C082A-90B1-49F2-BD9C-BE9AF68B65D1}.Release|x86.Build.0 = Release|Any CPU
		{3427D1C8-9D67-4A2B-945B-5F58808B155E}.Debug|Any CPU.ActiveCfg = Debug|Any CPU
		{3427D1C8-9D67-4A2B-945B-5F58808B155E}.Debug|Any CPU.Build.0 = Debug|Any CPU
		{3427D1C8-9D67-4A2B-945B-5F58808B155E}.Debug|x64.ActiveCfg = Debug|Any CPU
		{3427D1C8-9D67-4A2B-945B-5F58808B155E}.Debug|x64.Build.0 = Debug|Any CPU
		{3427D1C8-9D67-4A2B-945B-5F58808B155E}.Debug|x86.ActiveCfg = Debug|Any CPU
		{3427D1C8-9D67-4A2B-945B-5F58808B155E}.Debug|x86.Build.0 = Debug|Any CPU
		{3427D1C8-9D67-4A2B-945B-5F58808B155E}.Release|Any CPU.ActiveCfg = Release|Any CPU
		{3427D1C8-9D67-4A2B-945B-5F58808B155E}.Release|Any CPU.Build.0 = Release|Any CPU
		{3427D1C8-9D67-4A2B-945B-5F58808B155E}.Release|x64.ActiveCfg = Release|Any CPU
		{3427D1C8-9D67-4A2B-945B-5F58808B155E}.Release|x64.Build.0 = Release|Any CPU
		{3427D1C8-9D67-4A2B-945B-5F58808B155E}.Release|x86.ActiveCfg = Release|Any CPU
		{3427D1C8-9D67-4A2B-945B-5F58808B155E}.Release|x86.Build.0 = Release|Any CPU
	EndGlobalSection
	GlobalSection(NestedProjects) = preSolution
		{049C082A-90B1-49F2-BD9C-BE9AF68B65D1} = {3255D6F3-4005-456E-88E2-B249F415D9E5}
		{3427D1C8-9D67-4A2B-945B-5F58808B155E} = {3913546B-D5D7-42BB-B68A-EC3FC8C80B2A}
	EndGlobalSection
EndGlobal
